// !$*UTF8*$!
{
	archiveVersion = 1;
	classes = {
	};
	objectVersion = 50;
	objects = {

/* Begin PBXBuildFile section */
		18A20C6C45FF616E6C16D583 /* Pods_RijksMuseumArt.framework in Frameworks */ = {isa = PBXBuildFile; fileRef = 8BAA24489C3F7B46426BB864 /* Pods_RijksMuseumArt.framework */; };
		81082863213282F900C37BCF /* HomeViewController.swift in Sources */ = {isa = PBXBuildFile; fileRef = 81082862213282F900C37BCF /* HomeViewController.swift */; };
		810828652132830A00C37BCF /* ProfileViewController.swift in Sources */ = {isa = PBXBuildFile; fileRef = 810828642132830A00C37BCF /* ProfileViewController.swift */; };
		8108286B2132A91800C37BCF /* RNAPISupport.swift in Sources */ = {isa = PBXBuildFile; fileRef = 8108286A2132A91800C37BCF /* RNAPISupport.swift */; };
		8108286E2132C6E500C37BCF /* Collection.swift in Sources */ = {isa = PBXBuildFile; fileRef = 8108286D2132C6E500C37BCF /* Collection.swift */; };
		81082871213300A900C37BCF /* ArtTableViewCell.swift in Sources */ = {isa = PBXBuildFile; fileRef = 81082870213300A900C37BCF /* ArtTableViewCell.swift */; };
		8111D11E213125A800BE9054 /* AppDelegate.swift in Sources */ = {isa = PBXBuildFile; fileRef = 8111D11D213125A800BE9054 /* AppDelegate.swift */; };
		8111D123213125A800BE9054 /* Main.storyboard in Resources */ = {isa = PBXBuildFile; fileRef = 8111D121213125A800BE9054 /* Main.storyboard */; };
		8111D125213125A900BE9054 /* Assets.xcassets in Resources */ = {isa = PBXBuildFile; fileRef = 8111D124213125A900BE9054 /* Assets.xcassets */; };
		8111D128213125A900BE9054 /* LaunchScreen.storyboard in Resources */ = {isa = PBXBuildFile; fileRef = 8111D126213125A900BE9054 /* LaunchScreen.storyboard */; };
		8111D1312131266E00BE9054 /* LoginViewController.swift in Sources */ = {isa = PBXBuildFile; fileRef = 8111D1302131266E00BE9054 /* LoginViewController.swift */; };
		8111D133213137D500BE9054 /* RegisterViewController.swift in Sources */ = {isa = PBXBuildFile; fileRef = 8111D132213137D500BE9054 /* RegisterViewController.swift */; };
		8111D13621313D5D00BE9054 /* StringExtensions.swift in Sources */ = {isa = PBXBuildFile; fileRef = 8111D13521313D5C00BE9054 /* StringExtensions.swift */; };
		8111D13821313FAD00BE9054 /* RMAUtilities.swift in Sources */ = {isa = PBXBuildFile; fileRef = 8111D13721313FAD00BE9054 /* RMAUtilities.swift */; };
		8111D13A21319F2D00BE9054 /* SideMenuViewController.swift in Sources */ = {isa = PBXBuildFile; fileRef = 8111D13921319F2D00BE9054 /* SideMenuViewController.swift */; };
		8111D13D2131A11F00BE9054 /* ProfileTableViewCell.swift in Sources */ = {isa = PBXBuildFile; fileRef = 8111D13C2131A11F00BE9054 /* ProfileTableViewCell.swift */; };
		8111D13F2131A1CD00BE9054 /* ViewNameTableViewCell.swift in Sources */ = {isa = PBXBuildFile; fileRef = 8111D13E2131A1CD00BE9054 /* ViewNameTableViewCell.swift */; };
		8111D1412131AC2300BE9054 /* MainViewController.swift in Sources */ = {isa = PBXBuildFile; fileRef = 8111D1402131AC2300BE9054 /* MainViewController.swift */; };
		8111D1452131B87900BE9054 /* ContainerViewController.swift in Sources */ = {isa = PBXBuildFile; fileRef = 8111D1442131B87900BE9054 /* ContainerViewController.swift */; };
/* End PBXBuildFile section */

/* Begin PBXFileReference section */
		0AD0483C0F907416D183714E /* Pods-RijksMuseumArt.debug.xcconfig */ = {isa = PBXFileReference; includeInIndex = 1; lastKnownFileType = text.xcconfig; name = "Pods-RijksMuseumArt.debug.xcconfig"; path = "Pods/Target Support Files/Pods-RijksMuseumArt/Pods-RijksMuseumArt.debug.xcconfig"; sourceTree = "<group>"; };
		81082862213282F900C37BCF /* HomeViewController.swift */ = {isa = PBXFileReference; lastKnownFileType = sourcecode.swift; path = HomeViewController.swift; sourceTree = "<group>"; };
		810828642132830A00C37BCF /* ProfileViewController.swift */ = {isa = PBXFileReference; lastKnownFileType = sourcecode.swift; path = ProfileViewController.swift; sourceTree = "<group>"; };
		8108286A2132A91800C37BCF /* RNAPISupport.swift */ = {isa = PBXFileReference; fileEncoding = 4; lastKnownFileType = sourcecode.swift; path = RNAPISupport.swift; sourceTree = "<group>"; };
		8108286D2132C6E500C37BCF /* Collection.swift */ = {isa = PBXFileReference; lastKnownFileType = sourcecode.swift; path = Collection.swift; sourceTree = "<group>"; };
		81082870213300A900C37BCF /* ArtTableViewCell.swift */ = {isa = PBXFileReference; lastKnownFileType = sourcecode.swift; path = ArtTableViewCell.swift; sourceTree = "<group>"; };
		8111D11A213125A700BE9054 /* RijksMuseumArt.app */ = {isa = PBXFileReference; explicitFileType = wrapper.application; includeInIndex = 0; path = RijksMuseumArt.app; sourceTree = BUILT_PRODUCTS_DIR; };
		8111D11D213125A800BE9054 /* AppDelegate.swift */ = {isa = PBXFileReference; lastKnownFileType = sourcecode.swift; path = AppDelegate.swift; sourceTree = "<group>"; };
		8111D122213125A800BE9054 /* Base */ = {isa = PBXFileReference; lastKnownFileType = file.storyboard; name = Base; path = Base.lproj/Main.storyboard; sourceTree = "<group>"; };
		8111D124213125A900BE9054 /* Assets.xcassets */ = {isa = PBXFileReference; lastKnownFileType = folder.assetcatalog; path = Assets.xcassets; sourceTree = "<group>"; };
		8111D127213125A900BE9054 /* Base */ = {isa = PBXFileReference; lastKnownFileType = file.storyboard; name = Base; path = Base.lproj/LaunchScreen.storyboard; sourceTree = "<group>"; };
		8111D129213125A900BE9054 /* Info.plist */ = {isa = PBXFileReference; lastKnownFileType = text.plist.xml; path = Info.plist; sourceTree = "<group>"; };
		8111D1302131266E00BE9054 /* LoginViewController.swift */ = {isa = PBXFileReference; lastKnownFileType = sourcecode.swift; path = LoginViewController.swift; sourceTree = "<group>"; };
		8111D132213137D500BE9054 /* RegisterViewController.swift */ = {isa = PBXFileReference; lastKnownFileType = sourcecode.swift; path = RegisterViewController.swift; sourceTree = "<group>"; };
		8111D13521313D5C00BE9054 /* StringExtensions.swift */ = {isa = PBXFileReference; fileEncoding = 4; lastKnownFileType = sourcecode.swift; path = StringExtensions.swift; sourceTree = "<group>"; };
		8111D13721313FAD00BE9054 /* RMAUtilities.swift */ = {isa = PBXFileReference; lastKnownFileType = sourcecode.swift; path = RMAUtilities.swift; sourceTree = "<group>"; };
		8111D13921319F2D00BE9054 /* SideMenuViewController.swift */ = {isa = PBXFileReference; lastKnownFileType = sourcecode.swift; path = SideMenuViewController.swift; sourceTree = "<group>"; };
		8111D13C2131A11F00BE9054 /* ProfileTableViewCell.swift */ = {isa = PBXFileReference; lastKnownFileType = sourcecode.swift; path = ProfileTableViewCell.swift; sourceTree = "<group>"; };
		8111D13E2131A1CD00BE9054 /* ViewNameTableViewCell.swift */ = {isa = PBXFileReference; lastKnownFileType = sourcecode.swift; path = ViewNameTableViewCell.swift; sourceTree = "<group>"; };
		8111D1402131AC2300BE9054 /* MainViewController.swift */ = {isa = PBXFileReference; lastKnownFileType = sourcecode.swift; path = MainViewController.swift; sourceTree = "<group>"; };
		8111D1442131B87900BE9054 /* ContainerViewController.swift */ = {isa = PBXFileReference; lastKnownFileType = sourcecode.swift; path = ContainerViewController.swift; sourceTree = "<group>"; };
		8B300515DEDA85B6D525712A /* Pods-RijksMuseumArt.release.xcconfig */ = {isa = PBXFileReference; includeInIndex = 1; lastKnownFileType = text.xcconfig; name = "Pods-RijksMuseumArt.release.xcconfig"; path = "Pods/Target Support Files/Pods-RijksMuseumArt/Pods-RijksMuseumArt.release.xcconfig"; sourceTree = "<group>"; };
		8BAA24489C3F7B46426BB864 /* Pods_RijksMuseumArt.framework */ = {isa = PBXFileReference; explicitFileType = wrapper.framework; includeInIndex = 0; path = Pods_RijksMuseumArt.framework; sourceTree = BUILT_PRODUCTS_DIR; };
/* End PBXFileReference section */

/* Begin PBXFrameworksBuildPhase section */
		8111D117213125A700BE9054 /* Frameworks */ = {
			isa = PBXFrameworksBuildPhase;
			buildActionMask = 2147483647;
			files = (
				18A20C6C45FF616E6C16D583 /* Pods_RijksMuseumArt.framework in Frameworks */,
			);
			runOnlyForDeploymentPostprocessing = 0;
		};
/* End PBXFrameworksBuildPhase section */

/* Begin PBXGroup section */
		810828682132A4E300C37BCF /* Home */ = {
			isa = PBXGroup;
			children = (
				8108286F2133008200C37BCF /* View */,
				8108286C2132C6BE00C37BCF /* Modal */,
				810828692132A4F000C37BCF /* Controllers */,
			);
			path = Home;
			sourceTree = "<group>";
		};
		810828692132A4F000C37BCF /* Controllers */ = {
			isa = PBXGroup;
			children = (
				81082862213282F900C37BCF /* HomeViewController.swift */,
			);
			path = Controllers;
			sourceTree = "<group>";
		};
		8108286C2132C6BE00C37BCF /* Modal */ = {
			isa = PBXGroup;
			children = (
				8108286D2132C6E500C37BCF /* Collection.swift */,
			);
			path = Modal;
			sourceTree = "<group>";
		};
		8108286F2133008200C37BCF /* View */ = {
			isa = PBXGroup;
			children = (
				81082870213300A900C37BCF /* ArtTableViewCell.swift */,
			);
			path = View;
			sourceTree = "<group>";
		};
		8111D111213125A700BE9054 = {
			isa = PBXGroup;
			children = (
				8111D11C213125A700BE9054 /* RijksMuseumArt */,
				8111D11B213125A700BE9054 /* Products */,
				CA1DF5E8FE896B69B1704816 /* Pods */,
				EC5E120DF439DF016EE1FA80 /* Frameworks */,
			);
			sourceTree = "<group>";
		};
		8111D11B213125A700BE9054 /* Products */ = {
			isa = PBXGroup;
			children = (
				8111D11A213125A700BE9054 /* RijksMuseumArt.app */,
			);
			name = Products;
			sourceTree = "<group>";
		};
		8111D11C213125A700BE9054 /* RijksMuseumArt */ = {
			isa = PBXGroup;
			children = (
				8111D1432131B85900BE9054 /* ContainerControllers */,
				8111D13421313C9C00BE9054 /* Utilities */,
				8111D13B2131A0F900BE9054 /* Views */,
				8111D12F2131264D00BE9054 /* Controllers */,
				8111D11D213125A800BE9054 /* AppDelegate.swift */,
				8111D121213125A800BE9054 /* Main.storyboard */,
				8111D124213125A900BE9054 /* Assets.xcassets */,
				8111D126213125A900BE9054 /* LaunchScreen.storyboard */,
				8111D129213125A900BE9054 /* Info.plist */,
			);
			path = RijksMuseumArt;
			sourceTree = "<group>";
		};
		8111D12F2131264D00BE9054 /* Controllers */ = {
			isa = PBXGroup;
			children = (
				8111D1302131266E00BE9054 /* LoginViewController.swift */,
				8111D132213137D500BE9054 /* RegisterViewController.swift */,
				8111D13921319F2D00BE9054 /* SideMenuViewController.swift */,
				8111D1402131AC2300BE9054 /* MainViewController.swift */,
			);
			path = Controllers;
			sourceTree = "<group>";
		};
		8111D13421313C9C00BE9054 /* Utilities */ = {
			isa = PBXGroup;
			children = (
				8108286A2132A91800C37BCF /* RNAPISupport.swift */,
				8111D13521313D5C00BE9054 /* StringExtensions.swift */,
				8111D13721313FAD00BE9054 /* RMAUtilities.swift */,
			);
			path = Utilities;
			sourceTree = "<group>";
		};
		8111D13B2131A0F900BE9054 /* Views */ = {
			isa = PBXGroup;
			children = (
				8111D13C2131A11F00BE9054 /* ProfileTableViewCell.swift */,
				8111D13E2131A1CD00BE9054 /* ViewNameTableViewCell.swift */,
			);
			path = Views;
			sourceTree = "<group>";
		};
		8111D1432131B85900BE9054 /* ContainerControllers */ = {
			isa = PBXGroup;
			children = (
				810828682132A4E300C37BCF /* Home */,
				8111D1442131B87900BE9054 /* ContainerViewController.swift */,
				810828642132830A00C37BCF /* ProfileViewController.swift */,
			);
			path = ContainerControllers;
			sourceTree = "<group>";
		};
		CA1DF5E8FE896B69B1704816 /* Pods */ = {
			isa = PBXGroup;
			children = (
				0AD0483C0F907416D183714E /* Pods-RijksMuseumArt.debug.xcconfig */,
				8B300515DEDA85B6D525712A /* Pods-RijksMuseumArt.release.xcconfig */,
			);
			name = Pods;
			sourceTree = "<group>";
		};
		EC5E120DF439DF016EE1FA80 /* Frameworks */ = {
			isa = PBXGroup;
			children = (
				8BAA24489C3F7B46426BB864 /* Pods_RijksMuseumArt.framework */,
			);
			name = Frameworks;
			sourceTree = "<group>";
		};
/* End PBXGroup section */

/* Begin PBXNativeTarget section */
		8111D119213125A700BE9054 /* RijksMuseumArt */ = {
			isa = PBXNativeTarget;
			buildConfigurationList = 8111D12C213125A900BE9054 /* Build configuration list for PBXNativeTarget "RijksMuseumArt" */;
			buildPhases = (
				D105C4CF97DF51DA2DEE757B /* [CP] Check Pods Manifest.lock */,
				8111D116213125A700BE9054 /* Sources */,
				8111D117213125A700BE9054 /* Frameworks */,
				8111D118213125A700BE9054 /* Resources */,
				FF8066EDC96FC2293254CF8A /* [CP] Embed Pods Frameworks */,
			);
			buildRules = (
			);
			dependencies = (
			);
			name = RijksMuseumArt;
			productName = RijksMuseumArt;
			productReference = 8111D11A213125A700BE9054 /* RijksMuseumArt.app */;
			productType = "com.apple.product-type.application";
		};
/* End PBXNativeTarget section */

/* Begin PBXProject section */
		8111D112213125A700BE9054 /* Project object */ = {
			isa = PBXProject;
			attributes = {
				LastSwiftUpdateCheck = 0940;
				LastUpgradeCheck = 0940;
				ORGANIZATIONNAME = markandaiya;
				TargetAttributes = {
					8111D119213125A700BE9054 = {
						CreatedOnToolsVersion = 9.4.1;
					};
				};
			};
			buildConfigurationList = 8111D115213125A700BE9054 /* Build configuration list for PBXProject "RijksMuseumArt" */;
			compatibilityVersion = "Xcode 9.3";
			developmentRegion = en;
			hasScannedForEncodings = 0;
			knownRegions = (
				en,
				Base,
			);
			mainGroup = 8111D111213125A700BE9054;
			productRefGroup = 8111D11B213125A700BE9054 /* Products */;
			projectDirPath = "";
			projectRoot = "";
			targets = (
				8111D119213125A700BE9054 /* RijksMuseumArt */,
			);
		};
/* End PBXProject section */

/* Begin PBXResourcesBuildPhase section */
		8111D118213125A700BE9054 /* Resources */ = {
			isa = PBXResourcesBuildPhase;
			buildActionMask = 2147483647;
			files = (
				8111D128213125A900BE9054 /* LaunchScreen.storyboard in Resources */,
				8111D125213125A900BE9054 /* Assets.xcassets in Resources */,
				8111D123213125A800BE9054 /* Main.storyboard in Resources */,
			);
			runOnlyForDeploymentPostprocessing = 0;
		};
/* End PBXResourcesBuildPhase section */

/* Begin PBXShellScriptBuildPhase section */
		D105C4CF97DF51DA2DEE757B /* [CP] Check Pods Manifest.lock */ = {
			isa = PBXShellScriptBuildPhase;
			buildActionMask = 2147483647;
			files = (
			);
			inputPaths = (
				"${PODS_PODFILE_DIR_PATH}/Podfile.lock",
				"${PODS_ROOT}/Manifest.lock",
			);
			name = "[CP] Check Pods Manifest.lock";
			outputPaths = (
				"$(DERIVED_FILE_DIR)/Pods-RijksMuseumArt-checkManifestLockResult.txt",
			);
			runOnlyForDeploymentPostprocessing = 0;
			shellPath = /bin/sh;
			shellScript = "diff \"${PODS_PODFILE_DIR_PATH}/Podfile.lock\" \"${PODS_ROOT}/Manifest.lock\" > /dev/null\nif [ $? != 0 ] ; then\n    # print error to STDERR\n    echo \"error: The sandbox is not in sync with the Podfile.lock. Run 'pod install' or update your CocoaPods installation.\" >&2\n    exit 1\nfi\n# This output is used by Xcode 'outputs' to avoid re-running this script phase.\necho \"SUCCESS\" > \"${SCRIPT_OUTPUT_FILE_0}\"\n";
			showEnvVarsInLog = 0;
		};
		FF8066EDC96FC2293254CF8A /* [CP] Embed Pods Frameworks */ = {
			isa = PBXShellScriptBuildPhase;
			buildActionMask = 2147483647;
			files = (
			);
			inputPaths = (
				"${SRCROOT}/Pods/Target Support Files/Pods-RijksMuseumArt/Pods-RijksMuseumArt-frameworks.sh",
				"${BUILT_PRODUCTS_DIR}/IQKeyboardManagerSwift/IQKeyboardManagerSwift.framework",
			);
			name = "[CP] Embed Pods Frameworks";
			outputPaths = (
				"${TARGET_BUILD_DIR}/${FRAMEWORKS_FOLDER_PATH}/IQKeyboardManagerSwift.framework",
			);
			runOnlyForDeploymentPostprocessing = 0;
			shellPath = /bin/sh;
			shellScript = "\"${SRCROOT}/Pods/Target Support Files/Pods-RijksMuseumArt/Pods-RijksMuseumArt-frameworks.sh\"\n";
			showEnvVarsInLog = 0;
		};
/* End PBXShellScriptBuildPhase section */

/* Begin PBXSourcesBuildPhase section */
		8111D116213125A700BE9054 /* Sources */ = {
			isa = PBXSourcesBuildPhase;
			buildActionMask = 2147483647;
			files = (
				8111D13621313D5D00BE9054 /* StringExtensions.swift in Sources */,
				8111D13D2131A11F00BE9054 /* ProfileTableViewCell.swift in Sources */,
				8111D1452131B87900BE9054 /* ContainerViewController.swift in Sources */,
				8111D133213137D500BE9054 /* RegisterViewController.swift in Sources */,
				8111D1312131266E00BE9054 /* LoginViewController.swift in Sources */,
				8108286E2132C6E500C37BCF /* Collection.swift in Sources */,
				8111D13821313FAD00BE9054 /* RMAUtilities.swift in Sources */,
				810828652132830A00C37BCF /* ProfileViewController.swift in Sources */,
				8108286B2132A91800C37BCF /* RNAPISupport.swift in Sources */,
				8111D13F2131A1CD00BE9054 /* ViewNameTableViewCell.swift in Sources */,
				81082863213282F900C37BCF /* HomeViewController.swift in Sources */,
				8111D1412131AC2300BE9054 /* MainViewController.swift in Sources */,
				8111D13A21319F2D00BE9054 /* SideMenuViewController.swift in Sources */,
				8111D11E213125A800BE9054 /* AppDelegate.swift in Sources */,
				81082871213300A900C37BCF /* ArtTableViewCell.swift in Sources */,
			);
			runOnlyForDeploymentPostprocessing = 0;
		};
/* End PBXSourcesBuildPhase section */

/* Begin PBXVariantGroup section */
		8111D121213125A800BE9054 /* Main.storyboard */ = {
			isa = PBXVariantGroup;
			children = (
				8111D122213125A800BE9054 /* Base */,
			);
			name = Main.storyboard;
			sourceTree = "<group>";
		};
		8111D126213125A900BE9054 /* LaunchScreen.storyboard */ = {
			isa = PBXVariantGroup;
			children = (
				8111D127213125A900BE9054 /* Base */,
			);
			name = LaunchScreen.storyboard;
			sourceTree = "<group>";
		};
/* End PBXVariantGroup section */

/* Begin XCBuildConfiguration section */
		8111D12A213125A900BE9054 /* Debug */ = {
			isa = XCBuildConfiguration;
			buildSettings = {
				ALWAYS_SEARCH_USER_PATHS = NO;
				CLANG_ANALYZER_NONNULL = YES;
				CLANG_ANALYZER_NUMBER_OBJECT_CONVERSION = YES_AGGRESSIVE;
				CLANG_CXX_LANGUAGE_STANDARD = "gnu++14";
				CLANG_CXX_LIBRARY = "libc++";
				CLANG_ENABLE_MODULES = YES;
				CLANG_ENABLE_OBJC_ARC = YES;
				CLANG_ENABLE_OBJC_WEAK = YES;
				CLANG_WARN_BLOCK_CAPTURE_AUTORELEASING = YES;
				CLANG_WARN_BOOL_CONVERSION = YES;
				CLANG_WARN_COMMA = YES;
				CLANG_WARN_CONSTANT_CONVERSION = YES;
				CLANG_WARN_DEPRECATED_OBJC_IMPLEMENTATIONS = YES;
				CLANG_WARN_DIRECT_OBJC_ISA_USAGE = YES_ERROR;
				CLANG_WARN_DOCUMENTATION_COMMENTS = YES;
				CLANG_WARN_EMPTY_BODY = YES;
				CLANG_WARN_ENUM_CONVERSION = YES;
				CLANG_WARN_INFINITE_RECURSION = YES;
				CLANG_WARN_INT_CONVERSION = YES;
				CLANG_WARN_NON_LITERAL_NULL_CONVERSION = YES;
				CLANG_WARN_OBJC_IMPLICIT_RETAIN_SELF = YES;
				CLANG_WARN_OBJC_LITERAL_CONVERSION = YES;
				CLANG_WARN_OBJC_ROOT_CLASS = YES_ERROR;
				CLANG_WARN_RANGE_LOOP_ANALYSIS = YES;
				CLANG_WARN_STRICT_PROTOTYPES = YES;
				CLANG_WARN_SUSPICIOUS_MOVE = YES;
				CLANG_WARN_UNGUARDED_AVAILABILITY = YES_AGGRESSIVE;
				CLANG_WARN_UNREACHABLE_CODE = YES;
				CLANG_WARN__DUPLICATE_METHOD_MATCH = YES;
				CODE_SIGN_IDENTITY = "iPhone Developer";
				COPY_PHASE_STRIP = NO;
				DEBUG_INFORMATION_FORMAT = dwarf;
				ENABLE_STRICT_OBJC_MSGSEND = YES;
				ENABLE_TESTABILITY = YES;
				GCC_C_LANGUAGE_STANDARD = gnu11;
				GCC_DYNAMIC_NO_PIC = NO;
				GCC_NO_COMMON_BLOCKS = YES;
				GCC_OPTIMIZATION_LEVEL = 0;
				GCC_PREPROCESSOR_DEFINITIONS = (
					"DEBUG=1",
					"$(inherited)",
				);
				GCC_WARN_64_TO_32_BIT_CONVERSION = YES;
				GCC_WARN_ABOUT_RETURN_TYPE = YES_ERROR;
				GCC_WARN_UNDECLARED_SELECTOR = YES;
				GCC_WARN_UNINITIALIZED_AUTOS = YES_AGGRESSIVE;
				GCC_WARN_UNUSED_FUNCTION = YES;
				GCC_WARN_UNUSED_VARIABLE = YES;
				IPHONEOS_DEPLOYMENT_TARGET = 11.4;
				MTL_ENABLE_DEBUG_INFO = YES;
				ONLY_ACTIVE_ARCH = YES;
				SDKROOT = iphoneos;
				SWIFT_ACTIVE_COMPILATION_CONDITIONS = DEBUG;
				SWIFT_OPTIMIZATION_LEVEL = "-Onone";
			};
			name = Debug;
		};
		8111D12B213125A900BE9054 /* Release */ = {
			isa = XCBuildConfiguration;
			buildSettings = {
				ALWAYS_SEARCH_USER_PATHS = NO;
				CLANG_ANALYZER_NONNULL = YES;
				CLANG_ANALYZER_NUMBER_OBJECT_CONVERSION = YES_AGGRESSIVE;
				CLANG_CXX_LANGUAGE_STANDARD = "gnu++14";
				CLANG_CXX_LIBRARY = "libc++";
				CLANG_ENABLE_MODULES = YES;
				CLANG_ENABLE_OBJC_ARC = YES;
				CLANG_ENABLE_OBJC_WEAK = YES;
				CLANG_WARN_BLOCK_CAPTURE_AUTORELEASING = YES;
				CLANG_WARN_BOOL_CONVERSION = YES;
				CLANG_WARN_COMMA = YES;
				CLANG_WARN_CONSTANT_CONVERSION = YES;
				CLANG_WARN_DEPRECATED_OBJC_IMPLEMENTATIONS = YES;
				CLANG_WARN_DIRECT_OBJC_ISA_USAGE = YES_ERROR;
				CLANG_WARN_DOCUMENTATION_COMMENTS = YES;
				CLANG_WARN_EMPTY_BODY = YES;
				CLANG_WARN_ENUM_CONVERSION = YES;
				CLANG_WARN_INFINITE_RECURSION = YES;
				CLANG_WARN_INT_CONVERSION = YES;
				CLANG_WARN_NON_LITERAL_NULL_CONVERSION = YES;
				CLANG_WARN_OBJC_IMPLICIT_RETAIN_SELF = YES;
				CLANG_WARN_OBJC_LITERAL_CONVERSION = YES;
				CLANG_WARN_OBJC_ROOT_CLASS = YES_ERROR;
				CLANG_WARN_RANGE_LOOP_ANALYSIS = YES;
				CLANG_WARN_STRICT_PROTOTYPES = YES;
				CLANG_WARN_SUSPICIOUS_MOVE = YES;
				CLANG_WARN_UNGUARDED_AVAILABILITY = YES_AGGRESSIVE;
				CLANG_WARN_UNREACHABLE_CODE = YES;
				CLANG_WARN__DUPLICATE_METHOD_MATCH = YES;
				CODE_SIGN_IDENTITY = "iPhone Developer";
				COPY_PHASE_STRIP = NO;
				DEBUG_INFORMATION_FORMAT = "dwarf-with-dsym";
				ENABLE_NS_ASSERTIONS = NO;
				ENABLE_STRICT_OBJC_MSGSEND = YES;
				GCC_C_LANGUAGE_STANDARD = gnu11;
				GCC_NO_COMMON_BLOCKS = YES;
				GCC_WARN_64_TO_32_BIT_CONVERSION = YES;
				GCC_WARN_ABOUT_RETURN_TYPE = YES_ERROR;
				GCC_WARN_UNDECLARED_SELECTOR = YES;
				GCC_WARN_UNINITIALIZED_AUTOS = YES_AGGRESSIVE;
				GCC_WARN_UNUSED_FUNCTION = YES;
				GCC_WARN_UNUSED_VARIABLE = YES;
				IPHONEOS_DEPLOYMENT_TARGET = 11.4;
				MTL_ENABLE_DEBUG_INFO = NO;
				SDKROOT = iphoneos;
				SWIFT_COMPILATION_MODE = wholemodule;
				SWIFT_OPTIMIZATION_LEVEL = "-O";
				VALIDATE_PRODUCT = YES;
			};
			name = Release;
		};
		8111D12D213125A900BE9054 /* Debug */ = {
			isa = XCBuildConfiguration;
			baseConfigurationReference = 0AD0483C0F907416D183714E /* Pods-RijksMuseumArt.debug.xcconfig */;
			buildSettings = {
				ASSETCATALOG_COMPILER_APPICON_NAME = AppIcon;
				CODE_SIGN_STYLE = Automatic;
				DEVELOPMENT_TEAM = 3P28X54BR3;
				INFOPLIST_FILE = RijksMuseumArt/Info.plist;
				LD_RUNPATH_SEARCH_PATHS = (
					"$(inherited)",
					"@executable_path/Frameworks",
				);
				PRODUCT_BUNDLE_IDENTIFIER = com.falconet.RijksMuseumArt;
				PRODUCT_NAME = "$(TARGET_NAME)";
				SWIFT_VERSION = 4.0;
				TARGETED_DEVICE_FAMILY = "1,2";
			};
			name = Debug;
		};
		8111D12E213125A900BE9054 /* Release */ = {
			isa = XCBuildConfiguration;
			baseConfigurationReference = 8B300515DEDA85B6D525712A /* Pods-RijksMuseumArt.release.xcconfig */;
			buildSettings = {
				ASSETCATALOG_COMPILER_APPICON_NAME = AppIcon;
				CODE_SIGN_STYLE = Automatic;
				DEVELOPMENT_TEAM = 3P28X54BR3;
				INFOPLIST_FILE = RijksMuseumArt/Info.plist;
				LD_RUNPATH_SEARCH_PATHS = (
					"$(inherited)",
					"@executable_path/Frameworks",
				);
				PRODUCT_BUNDLE_IDENTIFIER = com.falconet.RijksMuseumArt;
				PRODUCT_NAME = "$(TARGET_NAME)";
				SWIFT_VERSION = 4.0;
				TARGETED_DEVICE_FAMILY = "1,2";
			};
			name = Release;
		};
/* End XCBuildConfiguration section */

/* Begin XCConfigurationList section */
		8111D115213125A700BE9054 /* Build configuration list for PBXProject "RijksMuseumArt" */ = {
			isa = XCConfigurationList;
			buildConfigurations = (
				8111D12A213125A900BE9054 /* Debug */,
				8111D12B213125A900BE9054 /* Release */,
			);
			defaultConfigurationIsVisible = 0;
			defaultConfigurationName = Release;
		};
		8111D12C213125A900BE9054 /* Build configuration list for PBXNativeTarget "RijksMuseumArt" */ = {
			isa = XCConfigurationList;
			buildConfigurations = (
				8111D12D213125A900BE9054 /* Debug */,
				8111D12E213125A900BE9054 /* Release */,
			);
			defaultConfigurationIsVisible = 0;
			defaultConfigurationName = Release;
		};
/* End XCConfigurationList section */
	};
	rootObject = 8111D112213125A700BE9054 /* Project object */;
}
